
Microsoft Visual Studio Solution File, Format Version 12.00
# Visual Studio Version 17
VisualStudioVersion = 17.6.33815.320
MinimumVisualStudioVersion = 10.0.40219.1
Project("{9A19103F-16F7-4668-BE54-9A1E7A4F7556}") = "CodingTask.Domain", "CodingTask.Domain\CodingTask.Domain.csproj", "{34390449-3067-43D4-BD3B-1988988E5C70}"
EndProject
Project("{9A19103F-16F7-4668-BE54-9A1E7A4F7556}") = "CodingTask.Benchmark", "CodingTask.Benchmark\CodingTask.Benchmark.csproj", "{FB36FB49-4446-460A-A024-30CB8ECD37CD}"
EndProject
Project("{9A19103F-16F7-4668-BE54-9A1E7A4F7556}") = "CodingTask.ConsoleApp", "CodingTask.ConsoleApp\CodingTask.ConsoleApp.csproj", "{3CCA69D9-31D9-479B-8ACA-7FD2A287964A}"
EndProject
Global
	GlobalSection(SolutionConfigurationPlatforms) = preSolution
		Debug|Any CPU = Debug|Any CPU
		Release|Any CPU = Release|Any CPU
	EndGlobalSection
	GlobalSection(ProjectConfigurationPlatforms) = postSolution
		{34390449-3067-43D4-BD3B-1988988E5C70}.Debug|Any CPU.ActiveCfg = Debug|Any CPU
		{34390449-3067-43D4-BD3B-1988988E5C70}.Debug|Any CPU.Build.0 = Debug|Any CPU
		{34390449-3067-43D4-BD3B-1988988E5C70}.Release|Any CPU.ActiveCfg = Release|Any CPU
		{34390449-3067-43D4-BD3B-1988988E5C70}.Release|Any CPU.Build.0 = Release|Any CPU
		{FB36FB49-4446-460A-A024-30CB8ECD37CD}.Debug|Any CPU.ActiveCfg = Debug|Any CPU
		{FB36FB49-4446-460A-A024-30CB8ECD37CD}.Debug|Any CPU.Build.0 = Debug|Any CPU
		{FB36FB49-4446-460A-A024-30CB8ECD37CD}.Release|Any CPU.ActiveCfg = Release|Any CPU
		{FB36FB49-4446-460A-A024-30CB8ECD37CD}.Release|Any CPU.Build.0 = Release|Any CPU
		{3CCA69D9-31D9-479B-8ACA-7FD2A287964A}.Debug|Any CPU.ActiveCfg = Debug|Any CPU
		{3CCA69D9-31D9-479B-8ACA-7FD2A287964A}.Debug|Any CPU.Build.0 = Debug|Any CPU
		{3CCA69D9-31D9-479B-8ACA-7FD2A287964A}.Release|Any CPU.ActiveCfg = Release|Any CPU
		{3CCA69D9-31D9-479B-8ACA-7FD2A287964A}.Release|Any CPU.Build.0 = Release|Any CPU
	EndGlobalSection
	GlobalSection(SolutionProperties) = preSolution
		HideSolutionNode = FALSE
	EndGlobalSection
	GlobalSection(ExtensibilityGlobals) = postSolution
		SolutionGuid = {60829FE0-695B-40DC-A2B0-77F7E5CE8B0C}
	EndGlobalSection
EndGlobal
